// !$*UTF8*$!
{
	archiveVersion = 1;
	classes = {
	};
	objectVersion = 56;
	objects = {

/* Begin PBXBuildFile section */
		670DACA42980E1DE005336A4 /* PageData.swift in Sources */ = {isa = PBXBuildFile; fileRef = 670DACA32980E1DE005336A4 /* PageData.swift */; };
		67317DC0294BD7C0009EA971 /* ControlImageView.swift in Sources */ = {isa = PBXBuildFile; fileRef = 67317DBF294BD7C0009EA971 /* ControlImageView.swift */; };
		67317DC2294D0F56009EA971 /* PageModel.swift in Sources */ = {isa = PBXBuildFile; fileRef = 67317DC1294D0F56009EA971 /* PageModel.swift */; };
		67B0C2AD2949288E00F52961 /* PinchApp.swift in Sources */ = {isa = PBXBuildFile; fileRef = 67B0C2AC2949288E00F52961 /* PinchApp.swift */; };
		67B0C2AF2949288E00F52961 /* ContentView.swift in Sources */ = {isa = PBXBuildFile; fileRef = 67B0C2AE2949288E00F52961 /* ContentView.swift */; };
		67B0C2B12949288F00F52961 /* Assets.xcassets in Resources */ = {isa = PBXBuildFile; fileRef = 67B0C2B02949288F00F52961 /* Assets.xcassets */; };
		67B0C2C3294935DF00F52961 /* Preview Assets.xcassets in Resources */ = {isa = PBXBuildFile; fileRef = 67B0C2C2294935DF00F52961 /* Preview Assets.xcassets */; };
		67B0C2C52949477B00F52961 /* InfoPanelView.swift in Sources */ = {isa = PBXBuildFile; fileRef = 67B0C2C42949477B00F52961 /* InfoPanelView.swift */; };
/* End PBXBuildFile section */

/* Begin PBXFileReference section */
		670DACA32980E1DE005336A4 /* PageData.swift */ = {isa = PBXFileReference; lastKnownFileType = sourcecode.swift; path = PageData.swift; sourceTree = "<group>"; };
		67317DBF294BD7C0009EA971 /* ControlImageView.swift */ = {isa = PBXFileReference; lastKnownFileType = sourcecode.swift; path = ControlImageView.swift; sourceTree = "<group>"; };
		67317DC1294D0F56009EA971 /* PageModel.swift */ = {isa = PBXFileReference; lastKnownFileType = sourcecode.swift; path = PageModel.swift; sourceTree = "<group>"; };
		67B0C2A92949288E00F52961 /* Pinch.app */ = {isa = PBXFileReference; explicitFileType = wrapper.application; includeInIndex = 0; path = Pinch.app; sourceTree = BUILT_PRODUCTS_DIR; };
		67B0C2AC2949288E00F52961 /* PinchApp.swift */ = {isa = PBXFileReference; lastKnownFileType = sourcecode.swift; path = PinchApp.swift; sourceTree = "<group>"; };
		67B0C2AE2949288E00F52961 /* ContentView.swift */ = {isa = PBXFileReference; lastKnownFileType = sourcecode.swift; path = ContentView.swift; sourceTree = "<group>"; };
		67B0C2B02949288F00F52961 /* Assets.xcassets */ = {isa = PBXFileReference; lastKnownFileType = folder.assetcatalog; path = Assets.xcassets; sourceTree = "<group>"; };
		67B0C2C2294935DF00F52961 /* Preview Assets.xcassets */ = {isa = PBXFileReference; lastKnownFileType = folder.assetcatalog; path = "Preview Assets.xcassets"; sourceTree = "<group>"; };
		67B0C2C42949477B00F52961 /* InfoPanelView.swift */ = {isa = PBXFileReference; lastKnownFileType = sourcecode.swift; path = InfoPanelView.swift; sourceTree = "<group>"; };
/* End PBXFileReference section */

/* Begin PBXFrameworksBuildPhase section */
		67B0C2A62949288E00F52961 /* Frameworks */ = {
			isa = PBXFrameworksBuildPhase;
			buildActionMask = 2147483647;
			files = (
			);
			runOnlyForDeploymentPostprocessing = 0;
		};
/* End PBXFrameworksBuildPhase section */

/* Begin PBXGroup section */
		67B0C2A02949288E00F52961 = {
			isa = PBXGroup;
			children = (
				67B0C2AB2949288E00F52961 /* Pinch */,
				67B0C2AA2949288E00F52961 /* Products */,
			);
			sourceTree = "<group>";
		};
		67B0C2AA2949288E00F52961 /* Products */ = {
			isa = PBXGroup;
			children = (
				67B0C2A92949288E00F52961 /* Pinch.app */,
			);
			name = Products;
			sourceTree = "<group>";
		};
		67B0C2AB2949288E00F52961 /* Pinch */ = {
			isa = PBXGroup;
			children = (
				67B0C2C1294935A600F52961 /* Preview Content */,
				67B0C2BE2949315300F52961 /* Data */,
				67B0C2BC29492A5E00F52961 /* View */,
				67B0C2BB29492A1D00F52961 /* Screen */,
				67B0C2BA29492A0500F52961 /* Model */,
				67B0C2B02949288F00F52961 /* Assets.xcassets */,
			);
			path = Pinch;
			sourceTree = "<group>";
		};
		67B0C2BA29492A0500F52961 /* Model */ = {
			isa = PBXGroup;
			children = (
				67317DC1294D0F56009EA971 /* PageModel.swift */,
			);
			path = Model;
			sourceTree = "<group>";
		};
		67B0C2BB29492A1D00F52961 /* Screen */ = {
			isa = PBXGroup;
			children = (
				67B0C2AE2949288E00F52961 /* ContentView.swift */,
			);
			path = Screen;
			sourceTree = "<group>";
		};
		67B0C2BC29492A5E00F52961 /* View */ = {
			isa = PBXGroup;
			children = (
				67B0C2AC2949288E00F52961 /* PinchApp.swift */,
				67B0C2C42949477B00F52961 /* InfoPanelView.swift */,
				67317DBF294BD7C0009EA971 /* ControlImageView.swift */,
			);
			path = View;
			sourceTree = "<group>";
		};
		67B0C2BE2949315300F52961 /* Data */ = {
			isa = PBXGroup;
			children = (
				670DACA32980E1DE005336A4 /* PageData.swift */,
			);
			path = Data;
			sourceTree = "<group>";
		};
		67B0C2C1294935A600F52961 /* Preview Content */ = {
			isa = PBXGroup;
			children = (
				67B0C2C2294935DF00F52961 /* Preview Assets.xcassets */,
			);
			path = "Preview Content";
			sourceTree = "<group>";
		};
/* End PBXGroup section */

/* Begin PBXNativeTarget section */
		67B0C2A82949288E00F52961 /* Pinch */ = {
			isa = PBXNativeTarget;
			buildConfigurationList = 67B0C2B72949288F00F52961 /* Build configuration list for PBXNativeTarget "Pinch" */;
			buildPhases = (
				67B0C2A52949288E00F52961 /* Sources */,
				67B0C2A62949288E00F52961 /* Frameworks */,
				67B0C2A72949288E00F52961 /* Resources */,
			);
			buildRules = (
			);
			dependencies = (
			);
			name = Pinch;
			productName = Pinch;
			productReference = 67B0C2A92949288E00F52961 /* Pinch.app */;
			productType = "com.apple.product-type.application";
		};
/* End PBXNativeTarget section */

/* Begin PBXProject section */
		67B0C2A12949288E00F52961 /* Project object */ = {
			isa = PBXProject;
			attributes = {
				BuildIndependentTargetsInParallel = 1;
				LastSwiftUpdateCheck = 1400;
				LastUpgradeCheck = 1400;
				TargetAttributes = {
					67B0C2A82949288E00F52961 = {
						CreatedOnToolsVersion = 14.0;
					};
				};
			};
			buildConfigurationList = 67B0C2A42949288E00F52961 /* Build configuration list for PBXProject "Pinch" */;
			compatibilityVersion = "Xcode 14.0";
			developmentRegion = en;
			hasScannedForEncodings = 0;
			knownRegions = (
				en,
				Base,
			);
			mainGroup = 67B0C2A02949288E00F52961;
			productRefGroup = 67B0C2AA2949288E00F52961 /* Products */;
			projectDirPath = "";
			projectRoot = "";
			targets = (
				67B0C2A82949288E00F52961 /* Pinch */,
			);
		};
/* End PBXProject section */

/* Begin PBXResourcesBuildPhase section */
		67B0C2A72949288E00F52961 /* Resources */ = {
			isa = PBXResourcesBuildPhase;
			buildActionMask = 2147483647;
			files = (
				67B0C2C3294935DF00F52961 /* Preview Assets.xcassets in Resources */,
				67B0C2B12949288F00F52961 /* Assets.xcassets in Resources */,
			);
			runOnlyForDeploymentPostprocessing = 0;
		};
/* End PBXResourcesBuildPhase section */

/* Begin PBXSourcesBuildPhase section */
		67B0C2A52949288E00F52961 /* Sources */ = {
			isa = PBXSourcesBuildPhase;
			buildActionMask = 2147483647;
			files = (
				67317DC0294BD7C0009EA971 /* ControlImageView.swift in Sources */,
				67317DC2294D0F56009EA971 /* PageModel.swift in Sources */,
				67B0C2AF2949288E00F52961 /* ContentView.swift in Sources */,
				67B0C2AD2949288E00F52961 /* PinchApp.swift in Sources */,
				670DACA42980E1DE005336A4 /* PageData.swift in Sources */,
				67B0C2C52949477B00F52961 /* InfoPanelView.swift in Sources */,
			);
			runOnlyForDeploymentPostprocessing = 0;
		};
/* End PBXSourcesBuildPhase section */

/* Begin XCBuildConfiguration section */
		67B0C2B52949288F00F52961 /* Debug */ = {
			isa = XCBuildConfiguration;
			buildSettings = {
				ALWAYS_SEARCH_USER_PATHS = NO;
				CLANG_ANALYZER_NONNULL = YES;
				CLANG_ANALYZER_NUMBER_OBJECT_CONVERSION = YES_AGGRESSIVE;
				CLANG_CXX_LANGUAGE_STANDARD = "gnu++20";
				CLANG_ENABLE_MODULES = YES;
				CLANG_ENABLE_OBJC_ARC = YES;
				CLANG_ENABLE_OBJC_WEAK = YES;
				CLANG_WARN_BLOCK_CAPTURE_AUTORELEASING = YES;
				CLANG_WARN_BOOL_CONVERSION = YES;
				CLANG_WARN_COMMA = YES;
				CLANG_WARN_CONSTANT_CONVERSION = YES;
				CLANG_WARN_DEPRECATED_OBJC_IMPLEMENTATIONS = YES;
				CLANG_WARN_DIRECT_OBJC_ISA_USAGE = YES_ERROR;
				CLANG_WARN_DOCUMENTATION_COMMENTS = YES;
				CLANG_WARN_EMPTY_BODY = YES;
				CLANG_WARN_ENUM_CONVERSION = YES;
				CLANG_WARN_INFINITE_RECURSION = YES;
				CLANG_WARN_INT_CONVERSION = YES;
				CLANG_WARN_NON_LITERAL_NULL_CONVERSION = YES;
				CLANG_WARN_OBJC_IMPLICIT_RETAIN_SELF = YES;
				CLANG_WARN_OBJC_LITERAL_CONVERSION = YES;
				CLANG_WARN_OBJC_ROOT_CLASS = YES_ERROR;
				CLANG_WARN_QUOTED_INCLUDE_IN_FRAMEWORK_HEADER = YES;
				CLANG_WARN_RANGE_LOOP_ANALYSIS = YES;
				CLANG_WARN_STRICT_PROTOTYPES = YES;
				CLANG_WARN_SUSPICIOUS_MOVE = YES;
				CLANG_WARN_UNGUARDED_AVAILABILITY = YES_AGGRESSIVE;
				CLANG_WARN_UNREACHABLE_CODE = YES;
				CLANG_WARN__DUPLICATE_METHOD_MATCH = YES;
				COPY_PHASE_STRIP = NO;
				DEBUG_INFORMATION_FORMAT = dwarf;
				ENABLE_STRICT_OBJC_MSGSEND = YES;
				ENABLE_TESTABILITY = YES;
				GCC_C_LANGUAGE_STANDARD = gnu11;
				GCC_DYNAMIC_NO_PIC = NO;
				GCC_NO_COMMON_BLOCKS = YES;
				GCC_OPTIMIZATION_LEVEL = 0;
				GCC_PREPROCESSOR_DEFINITIONS = (
					"DEBUG=1",
					"$(inherited)",
				);
				GCC_WARN_64_TO_32_BIT_CONVERSION = YES;
				GCC_WARN_ABOUT_RETURN_TYPE = YES_ERROR;
				GCC_WARN_UNDECLARED_SELECTOR = YES;
				GCC_WARN_UNINITIALIZED_AUTOS = YES_AGGRESSIVE;
				GCC_WARN_UNUSED_FUNCTION = YES;
				GCC_WARN_UNUSED_VARIABLE = YES;
				IPHONEOS_DEPLOYMENT_TARGET = 16.0;
				MTL_ENABLE_DEBUG_INFO = INCLUDE_SOURCE;
				MTL_FAST_MATH = YES;
				ONLY_ACTIVE_ARCH = YES;
				SDKROOT = iphoneos;
				SWIFT_ACTIVE_COMPILATION_CONDITIONS = DEBUG;
				SWIFT_OPTIMIZATION_LEVEL = "-Onone";
			};
			name = Debug;
		};
		67B0C2B62949288F00F52961 /* Release */ = {
			isa = XCBuildConfiguration;
			buildSettings = {
				ALWAYS_SEARCH_USER_PATHS = NO;
				CLANG_ANALYZER_NONNULL = YES;
				CLANG_ANALYZER_NUMBER_OBJECT_CONVERSION = YES_AGGRESSIVE;
				CLANG_CXX_LANGUAGE_STANDARD = "gnu++20";
				CLANG_ENABLE_MODULES = YES;
				CLANG_ENABLE_OBJC_ARC = YES;
				CLANG_ENABLE_OBJC_WEAK = YES;
				CLANG_WARN_BLOCK_CAPTURE_AUTORELEASING = YES;
				CLANG_WARN_BOOL_CONVERSION = YES;
				CLANG_WARN_COMMA = YES;
				CLANG_WARN_CONSTANT_CONVERSION = YES;
				CLANG_WARN_DEPRECATED_OBJC_IMPLEMENTATIONS = YES;
				CLANG_WARN_DIRECT_OBJC_ISA_USAGE = YES_ERROR;
				CLANG_WARN_DOCUMENTATION_COMMENTS = YES;
				CLANG_WARN_EMPTY_BODY = YES;
				CLANG_WARN_ENUM_CONVERSION = YES;
				CLANG_WARN_INFINITE_RECURSION = YES;
				CLANG_WARN_INT_CONVERSION = YES;
				CLANG_WARN_NON_LITERAL_NULL_CONVERSION = YES;
				CLANG_WARN_OBJC_IMPLICIT_RETAIN_SELF = YES;
				CLANG_WARN_OBJC_LITERAL_CONVERSION = YES;
				CLANG_WARN_OBJC_ROOT_CLASS = YES_ERROR;
				CLANG_WARN_QUOTED_INCLUDE_IN_FRAMEWORK_HEADER = YES;
				CLANG_WARN_RANGE_LOOP_ANALYSIS = YES;
				CLANG_WARN_STRICT_PROTOTYPES = YES;
				CLANG_WARN_SUSPICIOUS_MOVE = YES;
				CLANG_WARN_UNGUARDED_AVAILABILITY = YES_AGGRESSIVE;
				CLANG_WARN_UNREACHABLE_CODE = YES;
				CLANG_WARN__DUPLICATE_METHOD_MATCH = YES;
				COPY_PHASE_STRIP = NO;
				DEBUG_INFORMATION_FORMAT = "dwarf-with-dsym";
				ENABLE_NS_ASSERTIONS = NO;
				ENABLE_STRICT_OBJC_MSGSEND = YES;
				GCC_C_LANGUAGE_STANDARD = gnu11;
				GCC_NO_COMMON_BLOCKS = YES;
				GCC_WARN_64_TO_32_BIT_CONVERSION = YES;
				GCC_WARN_ABOUT_RETURN_TYPE = YES_ERROR;
				GCC_WARN_UNDECLARED_SELECTOR = YES;
				GCC_WARN_UNINITIALIZED_AUTOS = YES_AGGRESSIVE;
				GCC_WARN_UNUSED_FUNCTION = YES;
				GCC_WARN_UNUSED_VARIABLE = YES;
				IPHONEOS_DEPLOYMENT_TARGET = 16.0;
				MTL_ENABLE_DEBUG_INFO = NO;
				MTL_FAST_MATH = YES;
				SDKROOT = iphoneos;
				SWIFT_COMPILATION_MODE = wholemodule;
				SWIFT_OPTIMIZATION_LEVEL = "-O";
				VALIDATE_PRODUCT = YES;
			};
			name = Release;
		};
		67B0C2B82949288F00F52961 /* Debug */ = {
			isa = XCBuildConfiguration;
			buildSettings = {
				ASSETCATALOG_COMPILER_APPICON_NAME = AppIcon;
				ASSETCATALOG_COMPILER_GLOBAL_ACCENT_COLOR_NAME = AccentColor;
				CODE_SIGN_STYLE = Automatic;
				CURRENT_PROJECT_VERSION = 1;
				DEVELOPMENT_ASSET_PATHS = "\"Pinch/Preview Content\"";
				DEVELOPMENT_TEAM = 9DN39DX638;
				ENABLE_PREVIEWS = YES;
				GENERATE_INFOPLIST_FILE = YES;
				INFOPLIST_KEY_UIApplicationSceneManifest_Generation = YES;
				INFOPLIST_KEY_UIApplicationSupportsIndirectInputEvents = YES;
				INFOPLIST_KEY_UILaunchScreen_Generation = YES;
				INFOPLIST_KEY_UISupportedInterfaceOrientations_iPad = "UIInterfaceOrientationPortrait UIInterfaceOrientationPortraitUpsideDown UIInterfaceOrientationLandscapeLeft UIInterfaceOrientationLandscapeRight";
				INFOPLIST_KEY_UISupportedInterfaceOrientations_iPhone = UIInterfaceOrientationPortrait;
				LD_RUNPATH_SEARCH_PATHS = (
					"$(inherited)",
					"@executable_path/Frameworks",
				);
				MARKETING_VERSION = 1.0;
				PRODUCT_BUNDLE_IDENTIFIER = "Nicholes-Guillory.Pinch";
				PRODUCT_NAME = "$(TARGET_NAME)";
				SWIFT_EMIT_LOC_STRINGS = YES;
				SWIFT_VERSION = 5.0;
				TARGETED_DEVICE_FAMILY = "1,2";
			};
			name = Debug;
		};
		67B0C2B92949288F00F52961 /* Release */ = {
			isa = XCBuildConfiguration;
			buildSettings = {
				ASSETCATALOG_COMPILER_APPICON_NAME = AppIcon;
				ASSETCATALOG_COMPILER_GLOBAL_ACCENT_COLOR_NAME = AccentColor;
				CODE_SIGN_STYLE = Automatic;
				CURRENT_PROJECT_VERSION = 1;
				DEVELOPMENT_ASSET_PATHS = "\"Pinch/Preview Content\"";
				DEVELOPMENT_TEAM = 9DN39DX638;
				ENABLE_PREVIEWS = YES;
				GENERATE_INFOPLIST_FILE = YES;
				INFOPLIST_KEY_UIApplicationSceneManifest_Generation = YES;
				INFOPLIST_KEY_UIApplicationSupportsIndirectInputEvents = YES;
				INFOPLIST_KEY_UILaunchScreen_Generation = YES;
				INFOPLIST_KEY_UISupportedInterfaceOrientations_iPad = "UIInterfaceOrientationPortrait UIInterfaceOrientationPortraitUpsideDown UIInterfaceOrientationLandscapeLeft UIInterfaceOrientationLandscapeRight";
				INFOPLIST_KEY_UISupportedInterfaceOrientations_iPhone = UIInterfaceOrientationPortrait;
				LD_RUNPATH_SEARCH_PATHS = (
					"$(inherited)",
					"@executable_path/Frameworks",
				);
				MARKETING_VERSION = 1.0;
				PRODUCT_BUNDLE_IDENTIFIER = "Nicholes-Guillory.Pinch";
				PRODUCT_NAME = "$(TARGET_NAME)";
				SWIFT_EMIT_LOC_STRINGS = YES;
				SWIFT_VERSION = 5.0;
				TARGETED_DEVICE_FAMILY = "1,2";
			};
			name = Release;
		};
/* End XCBuildConfiguration section */

/* Begin XCConfigurationList section */
		67B0C2A42949288E00F52961 /* Build configuration list for PBXProject "Pinch" */ = {
			isa = XCConfigurationList;
			buildConfigurations = (
				67B0C2B52949288F00F52961 /* Debug */,
				67B0C2B62949288F00F52961 /* Release */,
			);
			defaultConfigurationIsVisible = 0;
			defaultConfigurationName = Release;
		};
		67B0C2B72949288F00F52961 /* Build configuration list for PBXNativeTarget "Pinch" */ = {
			isa = XCConfigurationList;
			buildConfigurations = (
				67B0C2B82949288F00F52961 /* Debug */,
				67B0C2B92949288F00F52961 /* Release */,
			);
			defaultConfigurationIsVisible = 0;
			defaultConfigurationName = Release;
		};
/* End XCConfigurationList section */
	};
	rootObject = 67B0C2A12949288E00F52961 /* Project object */;
}
